<?xml version="1.0" encoding="utf-8"?>
<Project ToolsVersion="4.0" xmlns="http://schemas.microsoft.com/developer/msbuild/2003">
  <ItemGroup>
    <Filter Include="ソース">
      <UniqueIdentifier>{c311fe1c-333d-4c7b-ab4a-43e16a0c6232}</UniqueIdentifier>
      <Extensions>cpp;c;cc;cxx;def;odl;idl;hpj;bat;asm;asmx</Extensions>
    </Filter>
    <Filter Include="ヘッダー">
      <UniqueIdentifier>{1348a2c6-dba2-4953-b989-fcad6ebe03f4}</UniqueIdentifier>
      <Extensions>h;hpp;hxx;hm;inl;inc;xsd</Extensions>
    </Filter>
    <Filter Include="リソース">
      <UniqueIdentifier>{470d2c18-763e-447b-90c9-e73fc20b337b}</UniqueIdentifier>
      <Extensions>rc;ico;cur;bmp;dlg;rc2;rct;bin;rgs;gif;jpg;jpeg;jpe;resx;tiff;tif;png;wav</Extensions>
    </Filter>
    <Filter Include="DefaultUI">
      <UniqueIdentifier>{e9ba0659-0f3f-4b8c-ac9c-376d2b05a86b}</UniqueIdentifier>
    </Filter>
  </ItemGroup>
  <ItemGroup>
    <ClCompile Include="Ten-LAN3.cpp">
      <Filter>ソース</Filter>
    </ClCompile>
    <ClCompile Include="Config.cpp">
      <Filter>ソース</Filter>
    </ClCompile>
    <ClCompile Include="GameView.cpp">
      <Filter>ソース</Filter>
    </ClCompile>
    <ClCompile Include="Key.cpp">
      <Filter>ソース</Filter>
    </ClCompile>
    <ClCompile Include="TenLAN.cpp">
      <Filter>ソース</Filter>
    </ClCompile>
    <ClCompile Include="UI\DefaultUI.cpp">
      <Filter>DefaultUI</Filter>
    </ClCompile>
    <ClCompile Include="GetTenLANUI.cpp">
      <Filter>ソース</Filter>
    </ClCompile>
  </ItemGroup>
  <ItemGroup>
    <Image Include="icon.ico">
      <Filter>リソース</Filter>
    </Image>
  </ItemGroup>
  <ItemGroup>
    <ResourceCompile Include="resource.rc">
      <Filter>リソース</Filter>
    </ResourceCompile>
  </ItemGroup>
  <ItemGroup>
    <Text Include="LICENSE.txt" />
  </ItemGroup>
  <ItemGroup>
    <ClInclude Include="Config.h">
      <Filter>ヘッダー</Filter>
    </ClInclude>
    <ClInclude Include="Key.h">
      <Filter>ヘッダー</Filter>
    </ClInclude>
    <ClInclude Include="TenLAN.h">
      <Filter>ヘッダー</Filter>
    </ClInclude>
    <ClInclude Include="DefaultGameView.h">
      <Filter>ヘッダー</Filter>
    </ClInclude>
    <ClInclude Include="UI\DefaultUI.h">
      <Filter>DefaultUI</Filter>
    </ClInclude>
  </ItemGroup>
  <ItemGroup>
    <None Include="config.ini" />
  </ItemGroup>
</Project>